
Microsoft Visual Studio Solution File, Format Version 12.00
# Visual Studio 15
VisualStudioVersion = 15.0.27703.2000
MinimumVisualStudioVersion = 10.0.40219.1
Project("{FAE04EC0-301F-11D3-BF4B-00C04F79EFBC}") = "ExcellentMarketResearch", "ExcellentMarketResearch\ExcellentMarketResearch.csproj", "{874B39C1-AFDE-4B4A-9798-E9806F155D61}"
EndProject
Global
	GlobalSection(SolutionConfigurationPlatforms) = preSolution
		Debug|Any CPU = Debug|Any CPU
		Debug|x86 = Debug|x86
		Release|Any CPU = Release|Any CPU
		Release|x86 = Release|x86
	EndGlobalSection
	GlobalSection(ProjectConfigurationPlatforms) = postSolution
		{874B39C1-AFDE-4B4A-9798-E9806F155D61}.Debug|Any CPU.ActiveCfg = Debug|Any CPU
		{874B39C1-AFDE-4B4A-9798-E9806F155D61}.Debug|Any CPU.Build.0 = Debug|Any CPU
		{874B39C1-AFDE-4B4A-9798-E9806F155D61}.Debug|x86.ActiveCfg = Debug|x86
		{874B39C1-AFDE-4B4A-9798-E9806F155D61}.Debug|x86.Build.0 = Debug|x86
		{874B39C1-AFDE-4B4A-9798-E9806F155D61}.Release|Any CPU.ActiveCfg = Release|Any CPU
		{874B39C1-AFDE-4B4A-9798-E9806F155D61}.Release|Any CPU.Build.0 = Release|Any CPU
		{874B39C1-AFDE-4B4A-9798-E9806F155D61}.Release|x86.ActiveCfg = Release|x86
		{874B39C1-AFDE-4B4A-9798-E9806F155D61}.Release|x86.Build.0 = Release|x86
	EndGlobalSection
	GlobalSection(SolutionProperties) = preSolution
		HideSolutionNode = FALSE
	EndGlobalSection
	GlobalSection(ExtensibilityGlobals) = postSolution
		SolutionGuid = {8399492E-A932-4327-AABF-8D684E82C8EC}
	EndGlobalSection
EndGlobal
